// !$*UTF8*$!
{
	archiveVersion = 1;
	classes = {
	};
	objectVersion = 55;
	objects = {

/* Begin PBXBuildFile section */
		4A8AEB8028DB65D500D7CCB5 /* ExWidgetApp.swift in Sources */ = {isa = PBXBuildFile; fileRef = 4A8AEB7F28DB65D500D7CCB5 /* ExWidgetApp.swift */; };
		4A8AEB8228DB65D500D7CCB5 /* ContentView.swift in Sources */ = {isa = PBXBuildFile; fileRef = 4A8AEB8128DB65D500D7CCB5 /* ContentView.swift */; };
		4A8AEB8428DB65D700D7CCB5 /* Assets.xcassets in Resources */ = {isa = PBXBuildFile; fileRef = 4A8AEB8328DB65D700D7CCB5 /* Assets.xcassets */; };
		4A8AEB8728DB65D700D7CCB5 /* Preview Assets.xcassets in Resources */ = {isa = PBXBuildFile; fileRef = 4A8AEB8628DB65D700D7CCB5 /* Preview Assets.xcassets */; };
		4A8AEB9428DB661A00D7CCB5 /* WidgetKit.framework in Frameworks */ = {isa = PBXBuildFile; fileRef = 4A8AEB9328DB661A00D7CCB5 /* WidgetKit.framework */; };
		4A8AEB9628DB661A00D7CCB5 /* SwiftUI.framework in Frameworks */ = {isa = PBXBuildFile; fileRef = 4A8AEB9528DB661A00D7CCB5 /* SwiftUI.framework */; };
		4A8AEB9928DB661A00D7CCB5 /* MyWidget.swift in Sources */ = {isa = PBXBuildFile; fileRef = 4A8AEB9828DB661A00D7CCB5 /* MyWidget.swift */; };
		4A8AEB9C28DB661B00D7CCB5 /* Assets.xcassets in Resources */ = {isa = PBXBuildFile; fileRef = 4A8AEB9B28DB661B00D7CCB5 /* Assets.xcassets */; };
		4A8AEB9E28DB661B00D7CCB5 /* MyWidget.intentdefinition in Sources */ = {isa = PBXBuildFile; fileRef = 4A8AEB9A28DB661A00D7CCB5 /* MyWidget.intentdefinition */; };
		4A8AEB9F28DB661B00D7CCB5 /* MyWidget.intentdefinition in Sources */ = {isa = PBXBuildFile; fileRef = 4A8AEB9A28DB661A00D7CCB5 /* MyWidget.intentdefinition */; };
		4A8AEBA228DB661B00D7CCB5 /* MyWidgetExtension.appex in Embed App Extensions */ = {isa = PBXBuildFile; fileRef = 4A8AEB9128DB661A00D7CCB5 /* MyWidgetExtension.appex */; settings = {ATTRIBUTES = (RemoveHeadersOnCopy, ); }; };
		7F87290AF0AA78B9B4ECBADC /* Pods_ExWidget.framework in Frameworks */ = {isa = PBXBuildFile; fileRef = BCD2DF94932EC56E169D73CD /* Pods_ExWidget.framework */; };
		EDC3B139DC9C86B1AE8D5A43 /* Pods_ExWidget_MyWidgetExtension.framework in Frameworks */ = {isa = PBXBuildFile; fileRef = 5341F644F616A35BFC5873F7 /* Pods_ExWidget_MyWidgetExtension.framework */; };
/* End PBXBuildFile section */

/* Begin PBXContainerItemProxy section */
		4A8AEBA028DB661B00D7CCB5 /* PBXContainerItemProxy */ = {
			isa = PBXContainerItemProxy;
			containerPortal = 4A8AEB7428DB65D500D7CCB5 /* Project object */;
			proxyType = 1;
			remoteGlobalIDString = 4A8AEB9028DB661A00D7CCB5;
			remoteInfo = MyWidgetExtension;
		};
/* End PBXContainerItemProxy section */

/* Begin PBXCopyFilesBuildPhase section */
		4A8AEBA628DB661B00D7CCB5 /* Embed App Extensions */ = {
			isa = PBXCopyFilesBuildPhase;
			buildActionMask = 2147483647;
			dstPath = "";
			dstSubfolderSpec = 13;
			files = (
				4A8AEBA228DB661B00D7CCB5 /* MyWidgetExtension.appex in Embed App Extensions */,
			);
			name = "Embed App Extensions";
			runOnlyForDeploymentPostprocessing = 0;
		};
/* End PBXCopyFilesBuildPhase section */

/* Begin PBXFileReference section */
		049F6A19BB41FAD87F053A69 /* Pods-ExWidget-MyWidgetExtension.debug.xcconfig */ = {isa = PBXFileReference; includeInIndex = 1; lastKnownFileType = text.xcconfig; name = "Pods-ExWidget-MyWidgetExtension.debug.xcconfig"; path = "Target Support Files/Pods-ExWidget-MyWidgetExtension/Pods-ExWidget-MyWidgetExtension.debug.xcconfig"; sourceTree = "<group>"; };
		4A8AEB7C28DB65D500D7CCB5 /* ExWidget.app */ = {isa = PBXFileReference; explicitFileType = wrapper.application; includeInIndex = 0; path = ExWidget.app; sourceTree = BUILT_PRODUCTS_DIR; };
		4A8AEB7F28DB65D500D7CCB5 /* ExWidgetApp.swift */ = {isa = PBXFileReference; lastKnownFileType = sourcecode.swift; path = ExWidgetApp.swift; sourceTree = "<group>"; };
		4A8AEB8128DB65D500D7CCB5 /* ContentView.swift */ = {isa = PBXFileReference; lastKnownFileType = sourcecode.swift; path = ContentView.swift; sourceTree = "<group>"; };
		4A8AEB8328DB65D700D7CCB5 /* Assets.xcassets */ = {isa = PBXFileReference; lastKnownFileType = folder.assetcatalog; path = Assets.xcassets; sourceTree = "<group>"; };
		4A8AEB8628DB65D700D7CCB5 /* Preview Assets.xcassets */ = {isa = PBXFileReference; lastKnownFileType = folder.assetcatalog; path = "Preview Assets.xcassets"; sourceTree = "<group>"; };
		4A8AEB9128DB661A00D7CCB5 /* MyWidgetExtension.appex */ = {isa = PBXFileReference; explicitFileType = "wrapper.app-extension"; includeInIndex = 0; path = MyWidgetExtension.appex; sourceTree = BUILT_PRODUCTS_DIR; };
		4A8AEB9328DB661A00D7CCB5 /* WidgetKit.framework */ = {isa = PBXFileReference; lastKnownFileType = wrapper.framework; name = WidgetKit.framework; path = System/Library/Frameworks/WidgetKit.framework; sourceTree = SDKROOT; };
		4A8AEB9528DB661A00D7CCB5 /* SwiftUI.framework */ = {isa = PBXFileReference; lastKnownFileType = wrapper.framework; name = SwiftUI.framework; path = System/Library/Frameworks/SwiftUI.framework; sourceTree = SDKROOT; };
		4A8AEB9828DB661A00D7CCB5 /* MyWidget.swift */ = {isa = PBXFileReference; lastKnownFileType = sourcecode.swift; path = MyWidget.swift; sourceTree = "<group>"; };
		4A8AEB9A28DB661A00D7CCB5 /* MyWidget.intentdefinition */ = {isa = PBXFileReference; lastKnownFileType = file.intentdefinition; path = MyWidget.intentdefinition; sourceTree = "<group>"; };
		4A8AEB9B28DB661B00D7CCB5 /* Assets.xcassets */ = {isa = PBXFileReference; lastKnownFileType = folder.assetcatalog; path = Assets.xcassets; sourceTree = "<group>"; };
		4A8AEB9D28DB661B00D7CCB5 /* Info.plist */ = {isa = PBXFileReference; lastKnownFileType = text.plist.xml; path = Info.plist; sourceTree = "<group>"; };
		5341F644F616A35BFC5873F7 /* Pods_ExWidget_MyWidgetExtension.framework */ = {isa = PBXFileReference; explicitFileType = wrapper.framework; includeInIndex = 0; path = Pods_ExWidget_MyWidgetExtension.framework; sourceTree = BUILT_PRODUCTS_DIR; };
		730C0844AEF55CA2986D55BE /* Pods-MyWidgetExtension.release.xcconfig */ = {isa = PBXFileReference; includeInIndex = 1; lastKnownFileType = text.xcconfig; name = "Pods-MyWidgetExtension.release.xcconfig"; path = "Target Support Files/Pods-MyWidgetExtension/Pods-MyWidgetExtension.release.xcconfig"; sourceTree = "<group>"; };
		7F9A6FED2594CE15FC9233EA /* Pods-MyWidgetExtension.debug.xcconfig */ = {isa = PBXFileReference; includeInIndex = 1; lastKnownFileType = text.xcconfig; name = "Pods-MyWidgetExtension.debug.xcconfig"; path = "Target Support Files/Pods-MyWidgetExtension/Pods-MyWidgetExtension.debug.xcconfig"; sourceTree = "<group>"; };
		99216EC045EA53FA9E688F3D /* Pods-ExWidget.release.xcconfig */ = {isa = PBXFileReference; includeInIndex = 1; lastKnownFileType = text.xcconfig; name = "Pods-ExWidget.release.xcconfig"; path = "Target Support Files/Pods-ExWidget/Pods-ExWidget.release.xcconfig"; sourceTree = "<group>"; };
		B9509CB6219B4700216C2BA3 /* Pods-ExWidget.debug.xcconfig */ = {isa = PBXFileReference; includeInIndex = 1; lastKnownFileType = text.xcconfig; name = "Pods-ExWidget.debug.xcconfig"; path = "Target Support Files/Pods-ExWidget/Pods-ExWidget.debug.xcconfig"; sourceTree = "<group>"; };
		BCD2DF94932EC56E169D73CD /* Pods_ExWidget.framework */ = {isa = PBXFileReference; explicitFileType = wrapper.framework; includeInIndex = 0; path = Pods_ExWidget.framework; sourceTree = BUILT_PRODUCTS_DIR; };
		DE8C133C708D5AC823156DB6 /* Pods-ExWidget-MyWidgetExtension.release.xcconfig */ = {isa = PBXFileReference; includeInIndex = 1; lastKnownFileType = text.xcconfig; name = "Pods-ExWidget-MyWidgetExtension.release.xcconfig"; path = "Target Support Files/Pods-ExWidget-MyWidgetExtension/Pods-ExWidget-MyWidgetExtension.release.xcconfig"; sourceTree = "<group>"; };
/* End PBXFileReference section */

/* Begin PBXFrameworksBuildPhase section */
		4A8AEB7928DB65D500D7CCB5 /* Frameworks */ = {
			isa = PBXFrameworksBuildPhase;
			buildActionMask = 2147483647;
			files = (
				7F87290AF0AA78B9B4ECBADC /* Pods_ExWidget.framework in Frameworks */,
			);
			runOnlyForDeploymentPostprocessing = 0;
		};
		4A8AEB8E28DB661A00D7CCB5 /* Frameworks */ = {
			isa = PBXFrameworksBuildPhase;
			buildActionMask = 2147483647;
			files = (
				4A8AEB9628DB661A00D7CCB5 /* SwiftUI.framework in Frameworks */,
				4A8AEB9428DB661A00D7CCB5 /* WidgetKit.framework in Frameworks */,
				EDC3B139DC9C86B1AE8D5A43 /* Pods_ExWidget_MyWidgetExtension.framework in Frameworks */,
			);
			runOnlyForDeploymentPostprocessing = 0;
		};
/* End PBXFrameworksBuildPhase section */

/* Begin PBXGroup section */
		4A8AEB7328DB65D500D7CCB5 = {
			isa = PBXGroup;
			children = (
				4A8AEB7E28DB65D500D7CCB5 /* ExWidget */,
				4A8AEB9728DB661A00D7CCB5 /* MyWidget */,
				4A8AEB9228DB661A00D7CCB5 /* Frameworks */,
				4A8AEB7D28DB65D500D7CCB5 /* Products */,
				D990473537CABC66481C0A65 /* Pods */,
			);
			sourceTree = "<group>";
		};
		4A8AEB7D28DB65D500D7CCB5 /* Products */ = {
			isa = PBXGroup;
			children = (
				4A8AEB7C28DB65D500D7CCB5 /* ExWidget.app */,
				4A8AEB9128DB661A00D7CCB5 /* MyWidgetExtension.appex */,
			);
			name = Products;
			sourceTree = "<group>";
		};
		4A8AEB7E28DB65D500D7CCB5 /* ExWidget */ = {
			isa = PBXGroup;
			children = (
				4A8AEB7F28DB65D500D7CCB5 /* ExWidgetApp.swift */,
				4A8AEB8128DB65D500D7CCB5 /* ContentView.swift */,
				4A8AEB8328DB65D700D7CCB5 /* Assets.xcassets */,
				4A8AEB8528DB65D700D7CCB5 /* Preview Content */,
			);
			path = ExWidget;
			sourceTree = "<group>";
		};
		4A8AEB8528DB65D700D7CCB5 /* Preview Content */ = {
			isa = PBXGroup;
			children = (
				4A8AEB8628DB65D700D7CCB5 /* Preview Assets.xcassets */,
			);
			path = "Preview Content";
			sourceTree = "<group>";
		};
		4A8AEB9228DB661A00D7CCB5 /* Frameworks */ = {
			isa = PBXGroup;
			children = (
				4A8AEB9328DB661A00D7CCB5 /* WidgetKit.framework */,
				4A8AEB9528DB661A00D7CCB5 /* SwiftUI.framework */,
				BCD2DF94932EC56E169D73CD /* Pods_ExWidget.framework */,
				5341F644F616A35BFC5873F7 /* Pods_ExWidget_MyWidgetExtension.framework */,
			);
			name = Frameworks;
			sourceTree = "<group>";
		};
		4A8AEB9728DB661A00D7CCB5 /* MyWidget */ = {
			isa = PBXGroup;
			children = (
				4A8AEB9828DB661A00D7CCB5 /* MyWidget.swift */,
				4A8AEB9A28DB661A00D7CCB5 /* MyWidget.intentdefinition */,
				4A8AEB9B28DB661B00D7CCB5 /* Assets.xcassets */,
				4A8AEB9D28DB661B00D7CCB5 /* Info.plist */,
			);
			path = MyWidget;
			sourceTree = "<group>";
		};
		D990473537CABC66481C0A65 /* Pods */ = {
			isa = PBXGroup;
			children = (
				B9509CB6219B4700216C2BA3 /* Pods-ExWidget.debug.xcconfig */,
				99216EC045EA53FA9E688F3D /* Pods-ExWidget.release.xcconfig */,
				7F9A6FED2594CE15FC9233EA /* Pods-MyWidgetExtension.debug.xcconfig */,
				730C0844AEF55CA2986D55BE /* Pods-MyWidgetExtension.release.xcconfig */,
				049F6A19BB41FAD87F053A69 /* Pods-ExWidget-MyWidgetExtension.debug.xcconfig */,
				DE8C133C708D5AC823156DB6 /* Pods-ExWidget-MyWidgetExtension.release.xcconfig */,
			);
			name = Pods;
			path = Pods;
			sourceTree = "<group>";
		};
/* End PBXGroup section */

/* Begin PBXNativeTarget section */
		4A8AEB7B28DB65D500D7CCB5 /* ExWidget */ = {
			isa = PBXNativeTarget;
			buildConfigurationList = 4A8AEB8A28DB65D700D7CCB5 /* Build configuration list for PBXNativeTarget "ExWidget" */;
			buildPhases = (
				E0B00A110AFF800223E7038C /* [CP] Check Pods Manifest.lock */,
				4A8AEB7828DB65D500D7CCB5 /* Sources */,
				4A8AEB7928DB65D500D7CCB5 /* Frameworks */,
				4A8AEB7A28DB65D500D7CCB5 /* Resources */,
				4A8AEBA628DB661B00D7CCB5 /* Embed App Extensions */,
				3BEEA5E85CCA223DB691AA7C /* [CP] Embed Pods Frameworks */,
			);
			buildRules = (
			);
			dependencies = (
				4A8AEBA128DB661B00D7CCB5 /* PBXTargetDependency */,
			);
			name = ExWidget;
			productName = ExWidget;
			productReference = 4A8AEB7C28DB65D500D7CCB5 /* ExWidget.app */;
			productType = "com.apple.product-type.application";
		};
		4A8AEB9028DB661A00D7CCB5 /* MyWidgetExtension */ = {
			isa = PBXNativeTarget;
			buildConfigurationList = 4A8AEBA328DB661B00D7CCB5 /* Build configuration list for PBXNativeTarget "MyWidgetExtension" */;
			buildPhases = (
				A962D02D8FC9893DE3C777A1 /* [CP] Check Pods Manifest.lock */,
				4A8AEB8D28DB661A00D7CCB5 /* Sources */,
				4A8AEB8E28DB661A00D7CCB5 /* Frameworks */,
				4A8AEB8F28DB661A00D7CCB5 /* Resources */,
			);
			buildRules = (
			);
			dependencies = (
			);
			name = MyWidgetExtension;
			productName = MyWidgetExtension;
			productReference = 4A8AEB9128DB661A00D7CCB5 /* MyWidgetExtension.appex */;
			productType = "com.apple.product-type.app-extension";
		};
/* End PBXNativeTarget section */

/* Begin PBXProject section */
		4A8AEB7428DB65D500D7CCB5 /* Project object */ = {
			isa = PBXProject;
			attributes = {
				BuildIndependentTargetsInParallel = 1;
				LastSwiftUpdateCheck = 1340;
				LastUpgradeCheck = 1340;
				TargetAttributes = {
					4A8AEB7B28DB65D500D7CCB5 = {
						CreatedOnToolsVersion = 13.4.1;
					};
					4A8AEB9028DB661A00D7CCB5 = {
						CreatedOnToolsVersion = 13.4.1;
					};
				};
			};
			buildConfigurationList = 4A8AEB7728DB65D500D7CCB5 /* Build configuration list for PBXProject "ExWidget" */;
			compatibilityVersion = "Xcode 13.0";
			developmentRegion = en;
			hasScannedForEncodings = 0;
			knownRegions = (
				en,
				Base,
			);
			mainGroup = 4A8AEB7328DB65D500D7CCB5;
			productRefGroup = 4A8AEB7D28DB65D500D7CCB5 /* Products */;
			projectDirPath = "";
			projectRoot = "";
			targets = (
				4A8AEB7B28DB65D500D7CCB5 /* ExWidget */,
				4A8AEB9028DB661A00D7CCB5 /* MyWidgetExtension */,
			);
		};
/* End PBXProject section */

/* Begin PBXResourcesBuildPhase section */
		4A8AEB7A28DB65D500D7CCB5 /* Resources */ = {
			isa = PBXResourcesBuildPhase;
			buildActionMask = 2147483647;
			files = (
				4A8AEB8728DB65D700D7CCB5 /* Preview Assets.xcassets in Resources */,
				4A8AEB8428DB65D700D7CCB5 /* Assets.xcassets in Resources */,
			);
			runOnlyForDeploymentPostprocessing = 0;
		};
		4A8AEB8F28DB661A00D7CCB5 /* Resources */ = {
			isa = PBXResourcesBuildPhase;
			buildActionMask = 2147483647;
			files = (
				4A8AEB9C28DB661B00D7CCB5 /* Assets.xcassets in Resources */,
			);
			runOnlyForDeploymentPostprocessing = 0;
		};
/* End PBXResourcesBuildPhase section */

/* Begin PBXShellScriptBuildPhase section */
		3BEEA5E85CCA223DB691AA7C /* [CP] Embed Pods Frameworks */ = {
			isa = PBXShellScriptBuildPhase;
			buildActionMask = 2147483647;
			files = (
			);
			inputFileListPaths = (
				"${PODS_ROOT}/Target Support Files/Pods-ExWidget/Pods-ExWidget-frameworks-${CONFIGURATION}-input-files.xcfilelist",
			);
			name = "[CP] Embed Pods Frameworks";
			outputFileListPaths = (
				"${PODS_ROOT}/Target Support Files/Pods-ExWidget/Pods-ExWidget-frameworks-${CONFIGURATION}-output-files.xcfilelist",
			);
			runOnlyForDeploymentPostprocessing = 0;
			shellPath = /bin/sh;
			shellScript = "\"${PODS_ROOT}/Target Support Files/Pods-ExWidget/Pods-ExWidget-frameworks.sh\"\n";
			showEnvVarsInLog = 0;
		};
		A962D02D8FC9893DE3C777A1 /* [CP] Check Pods Manifest.lock */ = {
			isa = PBXShellScriptBuildPhase;
			buildActionMask = 2147483647;
			files = (
			);
			inputFileListPaths = (
			);
			inputPaths = (
				"${PODS_PODFILE_DIR_PATH}/Podfile.lock",
				"${PODS_ROOT}/Manifest.lock",
			);
			name = "[CP] Check Pods Manifest.lock";
			outputFileListPaths = (
			);
			outputPaths = (
				"$(DERIVED_FILE_DIR)/Pods-ExWidget-MyWidgetExtension-checkManifestLockResult.txt",
			);
			runOnlyForDeploymentPostprocessing = 0;
			shellPath = /bin/sh;
			shellScript = "diff \"${PODS_PODFILE_DIR_PATH}/Podfile.lock\" \"${PODS_ROOT}/Manifest.lock\" > /dev/null\nif [ $? != 0 ] ; then\n    # print error to STDERR\n    echo \"error: The sandbox is not in sync with the Podfile.lock. Run 'pod install' or update your CocoaPods installation.\" >&2\n    exit 1\nfi\n# This output is used by Xcode 'outputs' to avoid re-running this script phase.\necho \"SUCCESS\" > \"${SCRIPT_OUTPUT_FILE_0}\"\n";
			showEnvVarsInLog = 0;
		};
		E0B00A110AFF800223E7038C /* [CP] Check Pods Manifest.lock */ = {
			isa = PBXShellScriptBuildPhase;
			buildActionMask = 2147483647;
			files = (
			);
			inputFileListPaths = (
			);
			inputPaths = (
				"${PODS_PODFILE_DIR_PATH}/Podfile.lock",
				"${PODS_ROOT}/Manifest.lock",
			);
			name = "[CP] Check Pods Manifest.lock";
			outputFileListPaths = (
			);
			outputPaths = (
				"$(DERIVED_FILE_DIR)/Pods-ExWidget-checkManifestLockResult.txt",
			);
			runOnlyForDeploymentPostprocessing = 0;
			shellPath = /bin/sh;
			shellScript = "diff \"${PODS_PODFILE_DIR_PATH}/Podfile.lock\" \"${PODS_ROOT}/Manifest.lock\" > /dev/null\nif [ $? != 0 ] ; then\n    # print error to STDERR\n    echo \"error: The sandbox is not in sync with the Podfile.lock. Run 'pod install' or update your CocoaPods installation.\" >&2\n    exit 1\nfi\n# This output is used by Xcode 'outputs' to avoid re-running this script phase.\necho \"SUCCESS\" > \"${SCRIPT_OUTPUT_FILE_0}\"\n";
			showEnvVarsInLog = 0;
		};
/* End PBXShellScriptBuildPhase section */

/* Begin PBXSourcesBuildPhase section */
		4A8AEB7828DB65D500D7CCB5 /* Sources */ = {
			isa = PBXSourcesBuildPhase;
			buildActionMask = 2147483647;
			files = (
				4A8AEB9F28DB661B00D7CCB5 /* MyWidget.intentdefinition in Sources */,
				4A8AEB8228DB65D500D7CCB5 /* ContentView.swift in Sources */,
				4A8AEB8028DB65D500D7CCB5 /* ExWidgetApp.swift in Sources */,
			);
			runOnlyForDeploymentPostprocessing = 0;
		};
		4A8AEB8D28DB661A00D7CCB5 /* Sources */ = {
			isa = PBXSourcesBuildPhase;
			buildActionMask = 2147483647;
			files = (
				4A8AEB9E28DB661B00D7CCB5 /* MyWidget.intentdefinition in Sources */,
				4A8AEB9928DB661A00D7CCB5 /* MyWidget.swift in Sources */,
			);
			runOnlyForDeploymentPostprocessing = 0;
		};
/* End PBXSourcesBuildPhase section */

/* Begin PBXTargetDependency section */
		4A8AEBA128DB661B00D7CCB5 /* PBXTargetDependency */ = {
			isa = PBXTargetDependency;
			target = 4A8AEB9028DB661A00D7CCB5 /* MyWidgetExtension */;
			targetProxy = 4A8AEBA028DB661B00D7CCB5 /* PBXContainerItemProxy */;
		};
/* End PBXTargetDependency section */

/* Begin XCBuildConfiguration section */
		4A8AEB8828DB65D700D7CCB5 /* Debug */ = {
			isa = XCBuildConfiguration;
			buildSettings = {
				ALWAYS_SEARCH_USER_PATHS = NO;
				CLANG_ANALYZER_NONNULL = YES;
				CLANG_ANALYZER_NUMBER_OBJECT_CONVERSION = YES_AGGRESSIVE;
				CLANG_CXX_LANGUAGE_STANDARD = "gnu++17";
				CLANG_ENABLE_MODULES = YES;
				CLANG_ENABLE_OBJC_ARC = YES;
				CLANG_ENABLE_OBJC_WEAK = YES;
				CLANG_WARN_BLOCK_CAPTURE_AUTORELEASING = YES;
				CLANG_WARN_BOOL_CONVERSION = YES;
				CLANG_WARN_COMMA = YES;
				CLANG_WARN_CONSTANT_CONVERSION = YES;
				CLANG_WARN_DEPRECATED_OBJC_IMPLEMENTATIONS = YES;
				CLANG_WARN_DIRECT_OBJC_ISA_USAGE = YES_ERROR;
				CLANG_WARN_DOCUMENTATION_COMMENTS = YES;
				CLANG_WARN_EMPTY_BODY = YES;
				CLANG_WARN_ENUM_CONVERSION = YES;
				CLANG_WARN_INFINITE_RECURSION = YES;
				CLANG_WARN_INT_CONVERSION = YES;
				CLANG_WARN_NON_LITERAL_NULL_CONVERSION = YES;
				CLANG_WARN_OBJC_IMPLICIT_RETAIN_SELF = YES;
				CLANG_WARN_OBJC_LITERAL_CONVERSION = YES;
				CLANG_WARN_OBJC_ROOT_CLASS = YES_ERROR;
				CLANG_WARN_QUOTED_INCLUDE_IN_FRAMEWORK_HEADER = YES;
				CLANG_WARN_RANGE_LOOP_ANALYSIS = YES;
				CLANG_WARN_STRICT_PROTOTYPES = YES;
				CLANG_WARN_SUSPICIOUS_MOVE = YES;
				CLANG_WARN_UNGUARDED_AVAILABILITY = YES_AGGRESSIVE;
				CLANG_WARN_UNREACHABLE_CODE = YES;
				CLANG_WARN__DUPLICATE_METHOD_MATCH = YES;
				COPY_PHASE_STRIP = NO;
				DEBUG_INFORMATION_FORMAT = dwarf;
				ENABLE_STRICT_OBJC_MSGSEND = YES;
				ENABLE_TESTABILITY = YES;
				GCC_C_LANGUAGE_STANDARD = gnu11;
				GCC_DYNAMIC_NO_PIC = NO;
				GCC_NO_COMMON_BLOCKS = YES;
				GCC_OPTIMIZATION_LEVEL = 0;
				GCC_PREPROCESSOR_DEFINITIONS = (
					"DEBUG=1",
					"$(inherited)",
				);
				GCC_WARN_64_TO_32_BIT_CONVERSION = YES;
				GCC_WARN_ABOUT_RETURN_TYPE = YES_ERROR;
				GCC_WARN_UNDECLARED_SELECTOR = YES;
				GCC_WARN_UNINITIALIZED_AUTOS = YES_AGGRESSIVE;
				GCC_WARN_UNUSED_FUNCTION = YES;
				GCC_WARN_UNUSED_VARIABLE = YES;
				IPHONEOS_DEPLOYMENT_TARGET = 15.5;
				MTL_ENABLE_DEBUG_INFO = INCLUDE_SOURCE;
				MTL_FAST_MATH = YES;
				ONLY_ACTIVE_ARCH = YES;
				SDKROOT = iphoneos;
				SWIFT_ACTIVE_COMPILATION_CONDITIONS = DEBUG;
				SWIFT_OPTIMIZATION_LEVEL = "-Onone";
			};
			name = Debug;
		};
		4A8AEB8928DB65D700D7CCB5 /* Release */ = {
			isa = XCBuildConfiguration;
			buildSettings = {
				ALWAYS_SEARCH_USER_PATHS = NO;
				CLANG_ANALYZER_NONNULL = YES;
				CLANG_ANALYZER_NUMBER_OBJECT_CONVERSION = YES_AGGRESSIVE;
				CLANG_CXX_LANGUAGE_STANDARD = "gnu++17";
				CLANG_ENABLE_MODULES = YES;
				CLANG_ENABLE_OBJC_ARC = YES;
				CLANG_ENABLE_OBJC_WEAK = YES;
				CLANG_WARN_BLOCK_CAPTURE_AUTORELEASING = YES;
				CLANG_WARN_BOOL_CONVERSION = YES;
				CLANG_WARN_COMMA = YES;
				CLANG_WARN_CONSTANT_CONVERSION = YES;
				CLANG_WARN_DEPRECATED_OBJC_IMPLEMENTATIONS = YES;
				CLANG_WARN_DIRECT_OBJC_ISA_USAGE = YES_ERROR;
				CLANG_WARN_DOCUMENTATION_COMMENTS = YES;
				CLANG_WARN_EMPTY_BODY = YES;
				CLANG_WARN_ENUM_CONVERSION = YES;
				CLANG_WARN_INFINITE_RECURSION = YES;
				CLANG_WARN_INT_CONVERSION = YES;
				CLANG_WARN_NON_LITERAL_NULL_CONVERSION = YES;
				CLANG_WARN_OBJC_IMPLICIT_RETAIN_SELF = YES;
				CLANG_WARN_OBJC_LITERAL_CONVERSION = YES;
				CLANG_WARN_OBJC_ROOT_CLASS = YES_ERROR;
				CLANG_WARN_QUOTED_INCLUDE_IN_FRAMEWORK_HEADER = YES;
				CLANG_WARN_RANGE_LOOP_ANALYSIS = YES;
				CLANG_WARN_STRICT_PROTOTYPES = YES;
				CLANG_WARN_SUSPICIOUS_MOVE = YES;
				CLANG_WARN_UNGUARDED_AVAILABILITY = YES_AGGRESSIVE;
				CLANG_WARN_UNREACHABLE_CODE = YES;
				CLANG_WARN__DUPLICATE_METHOD_MATCH = YES;
				COPY_PHASE_STRIP = NO;
				DEBUG_INFORMATION_FORMAT = "dwarf-with-dsym";
				ENABLE_NS_ASSERTIONS = NO;
				ENABLE_STRICT_OBJC_MSGSEND = YES;
				GCC_C_LANGUAGE_STANDARD = gnu11;
				GCC_NO_COMMON_BLOCKS = YES;
				GCC_WARN_64_TO_32_BIT_CONVERSION = YES;
				GCC_WARN_ABOUT_RETURN_TYPE = YES_ERROR;
				GCC_WARN_UNDECLARED_SELECTOR = YES;
				GCC_WARN_UNINITIALIZED_AUTOS = YES_AGGRESSIVE;
				GCC_WARN_UNUSED_FUNCTION = YES;
				GCC_WARN_UNUSED_VARIABLE = YES;
				IPHONEOS_DEPLOYMENT_TARGET = 15.5;
				MTL_ENABLE_DEBUG_INFO = NO;
				MTL_FAST_MATH = YES;
				SDKROOT = iphoneos;
				SWIFT_COMPILATION_MODE = wholemodule;
				SWIFT_OPTIMIZATION_LEVEL = "-O";
				VALIDATE_PRODUCT = YES;
			};
			name = Release;
		};
		4A8AEB8B28DB65D700D7CCB5 /* Debug */ = {
			isa = XCBuildConfiguration;
			baseConfigurationReference = B9509CB6219B4700216C2BA3 /* Pods-ExWidget.debug.xcconfig */;
			buildSettings = {
				ALWAYS_EMBED_SWIFT_STANDARD_LIBRARIES = YES;
				ASSETCATALOG_COMPILER_APPICON_NAME = AppIcon;
				ASSETCATALOG_COMPILER_GLOBAL_ACCENT_COLOR_NAME = AccentColor;
				CODE_SIGN_STYLE = Automatic;
				CURRENT_PROJECT_VERSION = 1;
				DEVELOPMENT_ASSET_PATHS = "\"ExWidget/Preview Content\"";
				DEVELOPMENT_TEAM = SS7U83UJNK;
				ENABLE_PREVIEWS = YES;
				GENERATE_INFOPLIST_FILE = YES;
				INFOPLIST_KEY_UIApplicationSceneManifest_Generation = YES;
				INFOPLIST_KEY_UIApplicationSupportsIndirectInputEvents = YES;
				INFOPLIST_KEY_UILaunchScreen_Generation = YES;
				INFOPLIST_KEY_UISupportedInterfaceOrientations_iPad = "UIInterfaceOrientationPortrait UIInterfaceOrientationPortraitUpsideDown UIInterfaceOrientationLandscapeLeft UIInterfaceOrientationLandscapeRight";
				INFOPLIST_KEY_UISupportedInterfaceOrientations_iPhone = "UIInterfaceOrientationPortrait UIInterfaceOrientationLandscapeLeft UIInterfaceOrientationLandscapeRight";
				LD_RUNPATH_SEARCH_PATHS = (
					"$(inherited)",
					"@executable_path/Frameworks",
				);
				MARKETING_VERSION = 1.0;
				PRODUCT_BUNDLE_IDENTIFIER = com.jake.ExWidget;
				PRODUCT_NAME = "$(TARGET_NAME)";
				SWIFT_EMIT_LOC_STRINGS = YES;
				SWIFT_VERSION = 5.0;
				TARGETED_DEVICE_FAMILY = "1,2";
			};
			name = Debug;
		};
		4A8AEB8C28DB65D700D7CCB5 /* Release */ = {
			isa = XCBuildConfiguration;
			baseConfigurationReference = 99216EC045EA53FA9E688F3D /* Pods-ExWidget.release.xcconfig */;
			buildSettings = {
				ALWAYS_EMBED_SWIFT_STANDARD_LIBRARIES = YES;
				ASSETCATALOG_COMPILER_APPICON_NAME = AppIcon;
				ASSETCATALOG_COMPILER_GLOBAL_ACCENT_COLOR_NAME = AccentColor;
				CODE_SIGN_STYLE = Automatic;
				CURRENT_PROJECT_VERSION = 1;
				DEVELOPMENT_ASSET_PATHS = "\"ExWidget/Preview Content\"";
				DEVELOPMENT_TEAM = SS7U83UJNK;
				ENABLE_PREVIEWS = YES;
				GENERATE_INFOPLIST_FILE = YES;
				INFOPLIST_KEY_UIApplicationSceneManifest_Generation = YES;
				INFOPLIST_KEY_UIApplicationSupportsIndirectInputEvents = YES;
				INFOPLIST_KEY_UILaunchScreen_Generation = YES;
				INFOPLIST_KEY_UISupportedInterfaceOrientations_iPad = "UIInterfaceOrientationPortrait UIInterfaceOrientationPortraitUpsideDown UIInterfaceOrientationLandscapeLeft UIInterfaceOrientationLandscapeRight";
				INFOPLIST_KEY_UISupportedInterfaceOrientations_iPhone = "UIInterfaceOrientationPortrait UIInterfaceOrientationLandscapeLeft UIInterfaceOrientationLandscapeRight";
				LD_RUNPATH_SEARCH_PATHS = (
					"$(inherited)",
					"@executable_path/Frameworks",
				);
				MARKETING_VERSION = 1.0;
				PRODUCT_BUNDLE_IDENTIFIER = com.jake.ExWidget;
				PRODUCT_NAME = "$(TARGET_NAME)";
				SWIFT_EMIT_LOC_STRINGS = YES;
				SWIFT_VERSION = 5.0;
				TARGETED_DEVICE_FAMILY = "1,2";
			};
			name = Release;
		};
		4A8AEBA428DB661B00D7CCB5 /* Debug */ = {
			isa = XCBuildConfiguration;
			baseConfigurationReference = 049F6A19BB41FAD87F053A69 /* Pods-ExWidget-MyWidgetExtension.debug.xcconfig */;
			buildSettings = {
				ASSETCATALOG_COMPILER_GLOBAL_ACCENT_COLOR_NAME = AccentColor;
				ASSETCATALOG_COMPILER_WIDGET_BACKGROUND_COLOR_NAME = WidgetBackground;
				CODE_SIGN_STYLE = Automatic;
				CURRENT_PROJECT_VERSION = 1;
				DEVELOPMENT_TEAM = SS7U83UJNK;
				GENERATE_INFOPLIST_FILE = YES;
				INFOPLIST_FILE = MyWidget/Info.plist;
				INFOPLIST_KEY_CFBundleDisplayName = MyWidget;
				INFOPLIST_KEY_NSHumanReadableCopyright = "";
				LD_RUNPATH_SEARCH_PATHS = (
					"$(inherited)",
					"@executable_path/Frameworks",
					"@executable_path/../../Frameworks",
				);
				MARKETING_VERSION = 1.0;
				PRODUCT_BUNDLE_IDENTIFIER = com.jake.ExWidget.MyWidget;
				PRODUCT_NAME = "$(TARGET_NAME)";
				SKIP_INSTALL = YES;
				SWIFT_EMIT_LOC_STRINGS = YES;
				SWIFT_VERSION = 5.0;
				TARGETED_DEVICE_FAMILY = "1,2";
			};
			name = Debug;
		};
		4A8AEBA528DB661B00D7CCB5 /* Release */ = {
			isa = XCBuildConfiguration;
			baseConfigurationReference = DE8C133C708D5AC823156DB6 /* Pods-ExWidget-MyWidgetExtension.release.xcconfig */;
			buildSettings = {
				ASSETCATALOG_COMPILER_GLOBAL_ACCENT_COLOR_NAME = AccentColor;
				ASSETCATALOG_COMPILER_WIDGET_BACKGROUND_COLOR_NAME = WidgetBackground;
				CODE_SIGN_STYLE = Automatic;
				CURRENT_PROJECT_VERSION = 1;
				DEVELOPMENT_TEAM = SS7U83UJNK;
				GENERATE_INFOPLIST_FILE = YES;
				INFOPLIST_FILE = MyWidget/Info.plist;
				INFOPLIST_KEY_CFBundleDisplayName = MyWidget;
				INFOPLIST_KEY_NSHumanReadableCopyright = "";
				LD_RUNPATH_SEARCH_PATHS = (
					"$(inherited)",
					"@executable_path/Frameworks",
					"@executable_path/../../Frameworks",
				);
				MARKETING_VERSION = 1.0;
				PRODUCT_BUNDLE_IDENTIFIER = com.jake.ExWidget.MyWidget;
				PRODUCT_NAME = "$(TARGET_NAME)";
				SKIP_INSTALL = YES;
				SWIFT_EMIT_LOC_STRINGS = YES;
				SWIFT_VERSION = 5.0;
				TARGETED_DEVICE_FAMILY = "1,2";
			};
			name = Release;
		};
/* End XCBuildConfiguration section */

/* Begin XCConfigurationList section */
		4A8AEB7728DB65D500D7CCB5 /* Build configuration list for PBXProject "ExWidget" */ = {
			isa = XCConfigurationList;
			buildConfigurations = (
				4A8AEB8828DB65D700D7CCB5 /* Debug */,
				4A8AEB8928DB65D700D7CCB5 /* Release */,
			);
			defaultConfigurationIsVisible = 0;
			defaultConfigurationName = Release;
		};
		4A8AEB8A28DB65D700D7CCB5 /* Build configuration list for PBXNativeTarget "ExWidget" */ = {
			isa = XCConfigurationList;
			buildConfigurations = (
				4A8AEB8B28DB65D700D7CCB5 /* Debug */,
				4A8AEB8C28DB65D700D7CCB5 /* Release */,
			);
			defaultConfigurationIsVisible = 0;
			defaultConfigurationName = Release;
		};
		4A8AEBA328DB661B00D7CCB5 /* Build configuration list for PBXNativeTarget "MyWidgetExtension" */ = {
			isa = XCConfigurationList;
			buildConfigurations = (
				4A8AEBA428DB661B00D7CCB5 /* Debug */,
				4A8AEBA528DB661B00D7CCB5 /* Release */,
			);
			defaultConfigurationIsVisible = 0;
			defaultConfigurationName = Release;
		};
/* End XCConfigurationList section */
	};
	rootObject = 4A8AEB7428DB65D500D7CCB5 /* Project object */;
}
